
Microsoft Visual Studio Solution File, Format Version 12.00
# Visual Studio 15
VisualStudioVersion = 15.0.28307.1022
MinimumVisualStudioVersion = 10.0.40219.1
Project("{FAE04EC0-301F-11D3-BF4B-00C04F79EFBC}") = "BkSevadhariWebApi", "BkSevadhariWebApi\BkSevadhariWebApi.csproj", "{AB7E9CF3-EFC7-44D8-819F-C20958628FA7}"
EndProject
Global
	GlobalSection(SolutionConfigurationPlatforms) = preSolution
		Debug|Any CPU = Debug|Any CPU
		Release|Any CPU = Release|Any CPU
	EndGlobalSection
	GlobalSection(ProjectConfigurationPlatforms) = postSolution
		{AB7E9CF3-EFC7-44D8-819F-C20958628FA7}.Debug|Any CPU.ActiveCfg = Debug|Any CPU
		{AB7E9CF3-EFC7-44D8-819F-C20958628FA7}.Debug|Any CPU.Build.0 = Debug|Any CPU
		{AB7E9CF3-EFC7-44D8-819F-C20958628FA7}.Release|Any CPU.ActiveCfg = Release|Any CPU
		{AB7E9CF3-EFC7-44D8-819F-C20958628FA7}.Release|Any CPU.Build.0 = Release|Any CPU
	EndGlobalSection
	GlobalSection(SolutionProperties) = preSolution
		HideSolutionNode = FALSE
	EndGlobalSection
	GlobalSection(ExtensibilityGlobals) = postSolution
		SolutionGuid = {A1AF721A-1164-4889-8F11-F08D3A53D848}
	EndGlobalSection
EndGlobal
